
Microsoft Visual Studio Solution File, Format Version 12.00
# Visual Studio Version 17
VisualStudioVersion = 17.5.33414.496
MinimumVisualStudioVersion = 10.0.40219.1
Project("{9A19103F-16F7-4668-BE54-9A1E7A4F7556}") = "PrintTestsConsole", "PrintTestsConsole\PrintTestsConsole.csproj", "{AF121DC0-11A8-4F0A-9715-3702078B6582}"
EndProject
Project("{9A19103F-16F7-4668-BE54-9A1E7A4F7556}") = "PrintTests.Business", "PrintTests.Business\PrintTests.Business.csproj", "{2D4248B4-6057-49E3-81EA-54FDC1B1A12A}"
EndProject
Project("{FAE04EC0-301F-11D3-BF4B-00C04F79EFBC}") = "PrintTestsxTests", "PrintTestsxTests\PrintTestsxTests.csproj", "{428BBF1E-878D-49DE-97A5-4845E7489BAA}"
EndProject
Global
	GlobalSection(SolutionConfigurationPlatforms) = preSolution
		Debug|Any CPU = Debug|Any CPU
		Release|Any CPU = Release|Any CPU
	EndGlobalSection
	GlobalSection(ProjectConfigurationPlatforms) = postSolution
		{AF121DC0-11A8-4F0A-9715-3702078B6582}.Debug|Any CPU.ActiveCfg = Debug|Any CPU
		{AF121DC0-11A8-4F0A-9715-3702078B6582}.Debug|Any CPU.Build.0 = Debug|Any CPU
		{AF121DC0-11A8-4F0A-9715-3702078B6582}.Release|Any CPU.ActiveCfg = Release|Any CPU
		{AF121DC0-11A8-4F0A-9715-3702078B6582}.Release|Any CPU.Build.0 = Release|Any CPU
		{2D4248B4-6057-49E3-81EA-54FDC1B1A12A}.Debug|Any CPU.ActiveCfg = Debug|Any CPU
		{2D4248B4-6057-49E3-81EA-54FDC1B1A12A}.Debug|Any CPU.Build.0 = Debug|Any CPU
		{2D4248B4-6057-49E3-81EA-54FDC1B1A12A}.Release|Any CPU.ActiveCfg = Release|Any CPU
		{2D4248B4-6057-49E3-81EA-54FDC1B1A12A}.Release|Any CPU.Build.0 = Release|Any CPU
		{428BBF1E-878D-49DE-97A5-4845E7489BAA}.Debug|Any CPU.ActiveCfg = Debug|Any CPU
		{428BBF1E-878D-49DE-97A5-4845E7489BAA}.Debug|Any CPU.Build.0 = Debug|Any CPU
		{428BBF1E-878D-49DE-97A5-4845E7489BAA}.Release|Any CPU.ActiveCfg = Release|Any CPU
		{428BBF1E-878D-49DE-97A5-4845E7489BAA}.Release|Any CPU.Build.0 = Release|Any CPU
	EndGlobalSection
	GlobalSection(SolutionProperties) = preSolution
		HideSolutionNode = FALSE
	EndGlobalSection
	GlobalSection(ExtensibilityGlobals) = postSolution
		SolutionGuid = {11DDC155-8402-4A1A-AF69-B4378F039E09}
	EndGlobalSection
EndGlobal
